
Microsoft Visual Studio Solution File, Format Version 12.00
# Visual Studio Version 16
VisualStudioVersion = 16.0.28922.388
MinimumVisualStudioVersion = 10.0.40219.1
Project("{FAE04EC0-301F-11D3-BF4B-00C04F79EFBC}") = "BuscaCNPJ", "BuscaCNPJ\BuscaCNPJ.csproj", "{839CEFFF-96AC-4E1C-A200-0A7CFAA05A4D}"
EndProject
Global
	GlobalSection(SolutionConfigurationPlatforms) = preSolution
		Debug|Any CPU = Debug|Any CPU
		Release|Any CPU = Release|Any CPU
	EndGlobalSection
	GlobalSection(ProjectConfigurationPlatforms) = postSolution
		{839CEFFF-96AC-4E1C-A200-0A7CFAA05A4D}.Debug|Any CPU.ActiveCfg = Debug|Any CPU
		{839CEFFF-96AC-4E1C-A200-0A7CFAA05A4D}.Debug|Any CPU.Build.0 = Debug|Any CPU
		{839CEFFF-96AC-4E1C-A200-0A7CFAA05A4D}.Release|Any CPU.ActiveCfg = Release|Any CPU
		{839CEFFF-96AC-4E1C-A200-0A7CFAA05A4D}.Release|Any CPU.Build.0 = Release|Any CPU
	EndGlobalSection
	GlobalSection(SolutionProperties) = preSolution
		HideSolutionNode = FALSE
	EndGlobalSection
	GlobalSection(ExtensibilityGlobals) = postSolution
		SolutionGuid = {82E3AEAE-327B-47EE-8A8B-68A2C563D8EC}
	EndGlobalSection
EndGlobal
